// !$*UTF8*$!
{
	archiveVersion = 1;
	classes = {
	};
	objectVersion = 56;
	objects = {

/* Begin PBXBuildFile section */
		4D56DAE12906922C0056ACE4 /* WeatherManager.swift in Sources */ = {isa = PBXBuildFile; fileRef = 4D56DAE02906922C0056ACE4 /* WeatherManager.swift */; };
		4D56DAE32906F4C10056ACE4 /* WeatherData.swift in Sources */ = {isa = PBXBuildFile; fileRef = 4D56DAE22906F4C10056ACE4 /* WeatherData.swift */; };
		4D64F4DD2907FAA9002C724F /* WeatherModel.swift in Sources */ = {isa = PBXBuildFile; fileRef = 4D64F4DC2907FAA9002C724F /* WeatherModel.swift */; };
		4D64F4E029081FED002C724F /* Double + Extensions.swift in Sources */ = {isa = PBXBuildFile; fileRef = 4D64F4DF29081FED002C724F /* Double + Extensions.swift */; };
		4D77348729042F68008BA1DA /* AppDelegate.swift in Sources */ = {isa = PBXBuildFile; fileRef = 4D77348629042F68008BA1DA /* AppDelegate.swift */; };
		4D77348929042F68008BA1DA /* SceneDelegate.swift in Sources */ = {isa = PBXBuildFile; fileRef = 4D77348829042F68008BA1DA /* SceneDelegate.swift */; };
		4D77348B29042F68008BA1DA /* WeatherMainViewController.swift in Sources */ = {isa = PBXBuildFile; fileRef = 4D77348A29042F68008BA1DA /* WeatherMainViewController.swift */; };
		4D77349029042F6A008BA1DA /* Assets.xcassets in Resources */ = {isa = PBXBuildFile; fileRef = 4D77348F29042F6A008BA1DA /* Assets.xcassets */; };
		4D77349329042F6A008BA1DA /* LaunchScreen.storyboard in Resources */ = {isa = PBXBuildFile; fileRef = 4D77349129042F6A008BA1DA /* LaunchScreen.storyboard */; };
		4D7734A0290430EA008BA1DA /* CreateViews.swift in Sources */ = {isa = PBXBuildFile; fileRef = 4D77349F290430EA008BA1DA /* CreateViews.swift */; };
		4D7734A429043195008BA1DA /* UIView + Extensions.swift in Sources */ = {isa = PBXBuildFile; fileRef = 4D7734A329043195008BA1DA /* UIView + Extensions.swift */; };
		4D7734A6290431C7008BA1DA /* UIStackView + Extensions.swift in Sources */ = {isa = PBXBuildFile; fileRef = 4D7734A5290431C7008BA1DA /* UIStackView + Extensions.swift */; };
		4D7734A8290431EE008BA1DA /* UIColor + Extensions.swift in Sources */ = {isa = PBXBuildFile; fileRef = 4D7734A7290431EE008BA1DA /* UIColor + Extensions.swift */; };
		4D7734AA29043254008BA1DA /* WeatherAppViewModel.swift in Sources */ = {isa = PBXBuildFile; fileRef = 4D7734A929043254008BA1DA /* WeatherAppViewModel.swift */; };
/* End PBXBuildFile section */

/* Begin PBXFileReference section */
		4D56DAE02906922C0056ACE4 /* WeatherManager.swift */ = {isa = PBXFileReference; lastKnownFileType = sourcecode.swift; path = WeatherManager.swift; sourceTree = "<group>"; };
		4D56DAE22906F4C10056ACE4 /* WeatherData.swift */ = {isa = PBXFileReference; lastKnownFileType = sourcecode.swift; path = WeatherData.swift; sourceTree = "<group>"; };
		4D64F4DC2907FAA9002C724F /* WeatherModel.swift */ = {isa = PBXFileReference; lastKnownFileType = sourcecode.swift; path = WeatherModel.swift; sourceTree = "<group>"; };
		4D64F4DF29081FED002C724F /* Double + Extensions.swift */ = {isa = PBXFileReference; lastKnownFileType = sourcecode.swift; path = "Double + Extensions.swift"; sourceTree = "<group>"; };
		4D77348329042F68008BA1DA /* WeatherApp.app */ = {isa = PBXFileReference; explicitFileType = wrapper.application; includeInIndex = 0; path = WeatherApp.app; sourceTree = BUILT_PRODUCTS_DIR; };
		4D77348629042F68008BA1DA /* AppDelegate.swift */ = {isa = PBXFileReference; lastKnownFileType = sourcecode.swift; path = AppDelegate.swift; sourceTree = "<group>"; };
		4D77348829042F68008BA1DA /* SceneDelegate.swift */ = {isa = PBXFileReference; lastKnownFileType = sourcecode.swift; path = SceneDelegate.swift; sourceTree = "<group>"; };
		4D77348A29042F68008BA1DA /* WeatherMainViewController.swift */ = {isa = PBXFileReference; lastKnownFileType = sourcecode.swift; path = WeatherMainViewController.swift; sourceTree = "<group>"; };
		4D77348F29042F6A008BA1DA /* Assets.xcassets */ = {isa = PBXFileReference; lastKnownFileType = folder.assetcatalog; path = Assets.xcassets; sourceTree = "<group>"; };
		4D77349229042F6A008BA1DA /* Base */ = {isa = PBXFileReference; lastKnownFileType = file.storyboard; name = Base; path = Base.lproj/LaunchScreen.storyboard; sourceTree = "<group>"; };
		4D77349429042F6A008BA1DA /* Info.plist */ = {isa = PBXFileReference; lastKnownFileType = text.plist.xml; path = Info.plist; sourceTree = "<group>"; };
		4D77349F290430EA008BA1DA /* CreateViews.swift */ = {isa = PBXFileReference; lastKnownFileType = sourcecode.swift; path = CreateViews.swift; sourceTree = "<group>"; };
		4D7734A329043195008BA1DA /* UIView + Extensions.swift */ = {isa = PBXFileReference; lastKnownFileType = sourcecode.swift; path = "UIView + Extensions.swift"; sourceTree = "<group>"; };
		4D7734A5290431C7008BA1DA /* UIStackView + Extensions.swift */ = {isa = PBXFileReference; lastKnownFileType = sourcecode.swift; path = "UIStackView + Extensions.swift"; sourceTree = "<group>"; };
		4D7734A7290431EE008BA1DA /* UIColor + Extensions.swift */ = {isa = PBXFileReference; lastKnownFileType = sourcecode.swift; path = "UIColor + Extensions.swift"; sourceTree = "<group>"; };
		4D7734A929043254008BA1DA /* WeatherAppViewModel.swift */ = {isa = PBXFileReference; lastKnownFileType = sourcecode.swift; path = WeatherAppViewModel.swift; sourceTree = "<group>"; };
/* End PBXFileReference section */

/* Begin PBXFrameworksBuildPhase section */
		4D77348029042F68008BA1DA /* Frameworks */ = {
			isa = PBXFrameworksBuildPhase;
			buildActionMask = 2147483647;
			files = (
			);
			runOnlyForDeploymentPostprocessing = 0;
		};
/* End PBXFrameworksBuildPhase section */

/* Begin PBXGroup section */
		4D64F4DE29081FDC002C724F /* Foundatation */ = {
			isa = PBXGroup;
			children = (
				4D64F4DF29081FED002C724F /* Double + Extensions.swift */,
			);
			path = Foundatation;
			sourceTree = "<group>";
		};
		4D77347A29042F68008BA1DA = {
			isa = PBXGroup;
			children = (
				4D77348529042F68008BA1DA /* WeatherApp */,
				4D77348429042F68008BA1DA /* Products */,
			);
			sourceTree = "<group>";
		};
		4D77348429042F68008BA1DA /* Products */ = {
			isa = PBXGroup;
			children = (
				4D77348329042F68008BA1DA /* WeatherApp.app */,
			);
			name = Products;
			sourceTree = "<group>";
		};
		4D77348529042F68008BA1DA /* WeatherApp */ = {
			isa = PBXGroup;
			children = (
				4D77349E29042FFD008BA1DA /* Application */,
				4D77349D29042FF8008BA1DA /* Models */,
				4D77349C29042FF1008BA1DA /* Views */,
				4D77349B29042FE6008BA1DA /* Controllers */,
				4D7734A12904317A008BA1DA /* Extensions */,
				4D77349A29042FA8008BA1DA /* SupportingFiles */,
			);
			path = WeatherApp;
			sourceTree = "<group>";
		};
		4D77349A29042FA8008BA1DA /* SupportingFiles */ = {
			isa = PBXGroup;
			children = (
				4D77348F29042F6A008BA1DA /* Assets.xcassets */,
				4D77349129042F6A008BA1DA /* LaunchScreen.storyboard */,
				4D77349429042F6A008BA1DA /* Info.plist */,
			);
			path = SupportingFiles;
			sourceTree = "<group>";
		};
		4D77349B29042FE6008BA1DA /* Controllers */ = {
			isa = PBXGroup;
			children = (
				4D77348A29042F68008BA1DA /* WeatherMainViewController.swift */,
			);
			path = Controllers;
			sourceTree = "<group>";
		};
		4D77349C29042FF1008BA1DA /* Views */ = {
			isa = PBXGroup;
			children = (
				4D77349F290430EA008BA1DA /* CreateViews.swift */,
				4D7734A929043254008BA1DA /* WeatherAppViewModel.swift */,
			);
			path = Views;
			sourceTree = "<group>";
		};
		4D77349D29042FF8008BA1DA /* Models */ = {
			isa = PBXGroup;
			children = (
				4D56DAE02906922C0056ACE4 /* WeatherManager.swift */,
				4D56DAE22906F4C10056ACE4 /* WeatherData.swift */,
				4D64F4DC2907FAA9002C724F /* WeatherModel.swift */,
			);
			path = Models;
			sourceTree = "<group>";
		};
		4D77349E29042FFD008BA1DA /* Application */ = {
			isa = PBXGroup;
			children = (
				4D77348629042F68008BA1DA /* AppDelegate.swift */,
				4D77348829042F68008BA1DA /* SceneDelegate.swift */,
			);
			path = Application;
			sourceTree = "<group>";
		};
		4D7734A12904317A008BA1DA /* Extensions */ = {
			isa = PBXGroup;
			children = (
				4D64F4DE29081FDC002C724F /* Foundatation */,
				4D7734A229043184008BA1DA /* UIKit */,
			);
			path = Extensions;
			sourceTree = "<group>";
		};
		4D7734A229043184008BA1DA /* UIKit */ = {
			isa = PBXGroup;
			children = (
				4D7734A329043195008BA1DA /* UIView + Extensions.swift */,
				4D7734A5290431C7008BA1DA /* UIStackView + Extensions.swift */,
				4D7734A7290431EE008BA1DA /* UIColor + Extensions.swift */,
			);
			path = UIKit;
			sourceTree = "<group>";
		};
/* End PBXGroup section */

/* Begin PBXNativeTarget section */
		4D77348229042F68008BA1DA /* WeatherApp */ = {
			isa = PBXNativeTarget;
			buildConfigurationList = 4D77349729042F6A008BA1DA /* Build configuration list for PBXNativeTarget "WeatherApp" */;
			buildPhases = (
				4D77347F29042F68008BA1DA /* Sources */,
				4D77348029042F68008BA1DA /* Frameworks */,
				4D77348129042F68008BA1DA /* Resources */,
			);
			buildRules = (
			);
			dependencies = (
			);
			name = WeatherApp;
			productName = WeatherApp;
			productReference = 4D77348329042F68008BA1DA /* WeatherApp.app */;
			productType = "com.apple.product-type.application";
		};
/* End PBXNativeTarget section */

/* Begin PBXProject section */
		4D77347B29042F68008BA1DA /* Project object */ = {
			isa = PBXProject;
			attributes = {
				BuildIndependentTargetsInParallel = 1;
				LastSwiftUpdateCheck = 1400;
				LastUpgradeCheck = 1400;
				TargetAttributes = {
					4D77348229042F68008BA1DA = {
						CreatedOnToolsVersion = 14.0.1;
					};
				};
			};
			buildConfigurationList = 4D77347E29042F68008BA1DA /* Build configuration list for PBXProject "WeatherApp" */;
			compatibilityVersion = "Xcode 14.0";
			developmentRegion = en;
			hasScannedForEncodings = 0;
			knownRegions = (
				en,
				Base,
			);
			mainGroup = 4D77347A29042F68008BA1DA;
			productRefGroup = 4D77348429042F68008BA1DA /* Products */;
			projectDirPath = "";
			projectRoot = "";
			targets = (
				4D77348229042F68008BA1DA /* WeatherApp */,
			);
		};
/* End PBXProject section */

/* Begin PBXResourcesBuildPhase section */
		4D77348129042F68008BA1DA /* Resources */ = {
			isa = PBXResourcesBuildPhase;
			buildActionMask = 2147483647;
			files = (
				4D77349329042F6A008BA1DA /* LaunchScreen.storyboard in Resources */,
				4D77349029042F6A008BA1DA /* Assets.xcassets in Resources */,
			);
			runOnlyForDeploymentPostprocessing = 0;
		};
/* End PBXResourcesBuildPhase section */

/* Begin PBXSourcesBuildPhase section */
		4D77347F29042F68008BA1DA /* Sources */ = {
			isa = PBXSourcesBuildPhase;
			buildActionMask = 2147483647;
			files = (
				4D7734A429043195008BA1DA /* UIView + Extensions.swift in Sources */,
				4D7734AA29043254008BA1DA /* WeatherAppViewModel.swift in Sources */,
				4D7734A6290431C7008BA1DA /* UIStackView + Extensions.swift in Sources */,
				4D77348B29042F68008BA1DA /* WeatherMainViewController.swift in Sources */,
				4D7734A8290431EE008BA1DA /* UIColor + Extensions.swift in Sources */,
				4D77348729042F68008BA1DA /* AppDelegate.swift in Sources */,
				4D64F4E029081FED002C724F /* Double + Extensions.swift in Sources */,
				4D56DAE32906F4C10056ACE4 /* WeatherData.swift in Sources */,
				4D56DAE12906922C0056ACE4 /* WeatherManager.swift in Sources */,
				4D7734A0290430EA008BA1DA /* CreateViews.swift in Sources */,
				4D77348929042F68008BA1DA /* SceneDelegate.swift in Sources */,
				4D64F4DD2907FAA9002C724F /* WeatherModel.swift in Sources */,
			);
			runOnlyForDeploymentPostprocessing = 0;
		};
/* End PBXSourcesBuildPhase section */

/* Begin PBXVariantGroup section */
		4D77349129042F6A008BA1DA /* LaunchScreen.storyboard */ = {
			isa = PBXVariantGroup;
			children = (
				4D77349229042F6A008BA1DA /* Base */,
			);
			name = LaunchScreen.storyboard;
			sourceTree = "<group>";
		};
/* End PBXVariantGroup section */

/* Begin XCBuildConfiguration section */
		4D77349529042F6A008BA1DA /* Debug */ = {
			isa = XCBuildConfiguration;
			buildSettings = {
				ALWAYS_SEARCH_USER_PATHS = NO;
				CLANG_ANALYZER_NONNULL = YES;
				CLANG_ANALYZER_NUMBER_OBJECT_CONVERSION = YES_AGGRESSIVE;
				CLANG_CXX_LANGUAGE_STANDARD = "gnu++20";
				CLANG_ENABLE_MODULES = YES;
				CLANG_ENABLE_OBJC_ARC = YES;
				CLANG_ENABLE_OBJC_WEAK = YES;
				CLANG_WARN_BLOCK_CAPTURE_AUTORELEASING = YES;
				CLANG_WARN_BOOL_CONVERSION = YES;
				CLANG_WARN_COMMA = YES;
				CLANG_WARN_CONSTANT_CONVERSION = YES;
				CLANG_WARN_DEPRECATED_OBJC_IMPLEMENTATIONS = YES;
				CLANG_WARN_DIRECT_OBJC_ISA_USAGE = YES_ERROR;
				CLANG_WARN_DOCUMENTATION_COMMENTS = YES;
				CLANG_WARN_EMPTY_BODY = YES;
				CLANG_WARN_ENUM_CONVERSION = YES;
				CLANG_WARN_INFINITE_RECURSION = YES;
				CLANG_WARN_INT_CONVERSION = YES;
				CLANG_WARN_NON_LITERAL_NULL_CONVERSION = YES;
				CLANG_WARN_OBJC_IMPLICIT_RETAIN_SELF = YES;
				CLANG_WARN_OBJC_LITERAL_CONVERSION = YES;
				CLANG_WARN_OBJC_ROOT_CLASS = YES_ERROR;
				CLANG_WARN_QUOTED_INCLUDE_IN_FRAMEWORK_HEADER = YES;
				CLANG_WARN_RANGE_LOOP_ANALYSIS = YES;
				CLANG_WARN_STRICT_PROTOTYPES = YES;
				CLANG_WARN_SUSPICIOUS_MOVE = YES;
				CLANG_WARN_UNGUARDED_AVAILABILITY = YES_AGGRESSIVE;
				CLANG_WARN_UNREACHABLE_CODE = YES;
				CLANG_WARN__DUPLICATE_METHOD_MATCH = YES;
				COPY_PHASE_STRIP = NO;
				DEBUG_INFORMATION_FORMAT = dwarf;
				ENABLE_STRICT_OBJC_MSGSEND = YES;
				ENABLE_TESTABILITY = YES;
				GCC_C_LANGUAGE_STANDARD = gnu11;
				GCC_DYNAMIC_NO_PIC = NO;
				GCC_NO_COMMON_BLOCKS = YES;
				GCC_OPTIMIZATION_LEVEL = 0;
				GCC_PREPROCESSOR_DEFINITIONS = (
					"DEBUG=1",
					"$(inherited)",
				);
				GCC_WARN_64_TO_32_BIT_CONVERSION = YES;
				GCC_WARN_ABOUT_RETURN_TYPE = YES_ERROR;
				GCC_WARN_UNDECLARED_SELECTOR = YES;
				GCC_WARN_UNINITIALIZED_AUTOS = YES_AGGRESSIVE;
				GCC_WARN_UNUSED_FUNCTION = YES;
				GCC_WARN_UNUSED_VARIABLE = YES;
				IPHONEOS_DEPLOYMENT_TARGET = 16.0;
				MTL_ENABLE_DEBUG_INFO = INCLUDE_SOURCE;
				MTL_FAST_MATH = YES;
				ONLY_ACTIVE_ARCH = YES;
				SDKROOT = iphoneos;
				SWIFT_ACTIVE_COMPILATION_CONDITIONS = DEBUG;
				SWIFT_OPTIMIZATION_LEVEL = "-Onone";
			};
			name = Debug;
		};
		4D77349629042F6A008BA1DA /* Release */ = {
			isa = XCBuildConfiguration;
			buildSettings = {
				ALWAYS_SEARCH_USER_PATHS = NO;
				CLANG_ANALYZER_NONNULL = YES;
				CLANG_ANALYZER_NUMBER_OBJECT_CONVERSION = YES_AGGRESSIVE;
				CLANG_CXX_LANGUAGE_STANDARD = "gnu++20";
				CLANG_ENABLE_MODULES = YES;
				CLANG_ENABLE_OBJC_ARC = YES;
				CLANG_ENABLE_OBJC_WEAK = YES;
				CLANG_WARN_BLOCK_CAPTURE_AUTORELEASING = YES;
				CLANG_WARN_BOOL_CONVERSION = YES;
				CLANG_WARN_COMMA = YES;
				CLANG_WARN_CONSTANT_CONVERSION = YES;
				CLANG_WARN_DEPRECATED_OBJC_IMPLEMENTATIONS = YES;
				CLANG_WARN_DIRECT_OBJC_ISA_USAGE = YES_ERROR;
				CLANG_WARN_DOCUMENTATION_COMMENTS = YES;
				CLANG_WARN_EMPTY_BODY = YES;
				CLANG_WARN_ENUM_CONVERSION = YES;
				CLANG_WARN_INFINITE_RECURSION = YES;
				CLANG_WARN_INT_CONVERSION = YES;
				CLANG_WARN_NON_LITERAL_NULL_CONVERSION = YES;
				CLANG_WARN_OBJC_IMPLICIT_RETAIN_SELF = YES;
				CLANG_WARN_OBJC_LITERAL_CONVERSION = YES;
				CLANG_WARN_OBJC_ROOT_CLASS = YES_ERROR;
				CLANG_WARN_QUOTED_INCLUDE_IN_FRAMEWORK_HEADER = YES;
				CLANG_WARN_RANGE_LOOP_ANALYSIS = YES;
				CLANG_WARN_STRICT_PROTOTYPES = YES;
				CLANG_WARN_SUSPICIOUS_MOVE = YES;
				CLANG_WARN_UNGUARDED_AVAILABILITY = YES_AGGRESSIVE;
				CLANG_WARN_UNREACHABLE_CODE = YES;
				CLANG_WARN__DUPLICATE_METHOD_MATCH = YES;
				COPY_PHASE_STRIP = NO;
				DEBUG_INFORMATION_FORMAT = "dwarf-with-dsym";
				ENABLE_NS_ASSERTIONS = NO;
				ENABLE_STRICT_OBJC_MSGSEND = YES;
				GCC_C_LANGUAGE_STANDARD = gnu11;
				GCC_NO_COMMON_BLOCKS = YES;
				GCC_WARN_64_TO_32_BIT_CONVERSION = YES;
				GCC_WARN_ABOUT_RETURN_TYPE = YES_ERROR;
				GCC_WARN_UNDECLARED_SELECTOR = YES;
				GCC_WARN_UNINITIALIZED_AUTOS = YES_AGGRESSIVE;
				GCC_WARN_UNUSED_FUNCTION = YES;
				GCC_WARN_UNUSED_VARIABLE = YES;
				IPHONEOS_DEPLOYMENT_TARGET = 16.0;
				MTL_ENABLE_DEBUG_INFO = NO;
				MTL_FAST_MATH = YES;
				SDKROOT = iphoneos;
				SWIFT_COMPILATION_MODE = wholemodule;
				SWIFT_OPTIMIZATION_LEVEL = "-O";
				VALIDATE_PRODUCT = YES;
			};
			name = Release;
		};
		4D77349829042F6A008BA1DA /* Debug */ = {
			isa = XCBuildConfiguration;
			buildSettings = {
				ASSETCATALOG_COMPILER_APPICON_NAME = AppIcon;
				ASSETCATALOG_COMPILER_GLOBAL_ACCENT_COLOR_NAME = AccentColor;
				CODE_SIGN_STYLE = Automatic;
				CURRENT_PROJECT_VERSION = 1;
				DEVELOPMENT_TEAM = X6QCC36TXK;
				GENERATE_INFOPLIST_FILE = YES;
				INFOPLIST_FILE = WeatherApp/SupportingFiles/Info.plist;
				INFOPLIST_KEY_UIApplicationSupportsIndirectInputEvents = YES;
				INFOPLIST_KEY_UILaunchStoryboardName = LaunchScreen;
				INFOPLIST_KEY_UISupportedInterfaceOrientations = UIInterfaceOrientationPortrait;
				INFOPLIST_KEY_UISupportedInterfaceOrientations_iPad = "UIInterfaceOrientationLandscapeLeft UIInterfaceOrientationLandscapeRight UIInterfaceOrientationPortrait UIInterfaceOrientationPortraitUpsideDown";
				IPHONEOS_DEPLOYMENT_TARGET = 14.0;
				LD_RUNPATH_SEARCH_PATHS = (
					"$(inherited)",
					"@executable_path/Frameworks",
				);
				MARKETING_VERSION = 1.0;
				PRODUCT_BUNDLE_IDENTIFIER = kashchenko.WeatherApp;
				PRODUCT_NAME = "$(TARGET_NAME)";
				SUPPORTED_PLATFORMS = "iphoneos iphonesimulator";
				SUPPORTS_MACCATALYST = NO;
				SUPPORTS_MAC_DESIGNED_FOR_IPHONE_IPAD = NO;
				SWIFT_EMIT_LOC_STRINGS = YES;
				SWIFT_VERSION = 5.0;
				TARGETED_DEVICE_FAMILY = 1;
			};
			name = Debug;
		};
		4D77349929042F6A008BA1DA /* Release */ = {
			isa = XCBuildConfiguration;
			buildSettings = {
				ASSETCATALOG_COMPILER_APPICON_NAME = AppIcon;
				ASSETCATALOG_COMPILER_GLOBAL_ACCENT_COLOR_NAME = AccentColor;
				CODE_SIGN_STYLE = Automatic;
				CURRENT_PROJECT_VERSION = 1;
				DEVELOPMENT_TEAM = X6QCC36TXK;
				GENERATE_INFOPLIST_FILE = YES;
				INFOPLIST_FILE = WeatherApp/SupportingFiles/Info.plist;
				INFOPLIST_KEY_UIApplicationSupportsIndirectInputEvents = YES;
				INFOPLIST_KEY_UILaunchStoryboardName = LaunchScreen;
				INFOPLIST_KEY_UISupportedInterfaceOrientations = UIInterfaceOrientationPortrait;
				INFOPLIST_KEY_UISupportedInterfaceOrientations_iPad = "UIInterfaceOrientationLandscapeLeft UIInterfaceOrientationLandscapeRight UIInterfaceOrientationPortrait UIInterfaceOrientationPortraitUpsideDown";
				IPHONEOS_DEPLOYMENT_TARGET = 14.0;
				LD_RUNPATH_SEARCH_PATHS = (
					"$(inherited)",
					"@executable_path/Frameworks",
				);
				MARKETING_VERSION = 1.0;
				PRODUCT_BUNDLE_IDENTIFIER = kashchenko.WeatherApp;
				PRODUCT_NAME = "$(TARGET_NAME)";
				SUPPORTED_PLATFORMS = "iphoneos iphonesimulator";
				SUPPORTS_MACCATALYST = NO;
				SUPPORTS_MAC_DESIGNED_FOR_IPHONE_IPAD = NO;
				SWIFT_EMIT_LOC_STRINGS = YES;
				SWIFT_VERSION = 5.0;
				TARGETED_DEVICE_FAMILY = 1;
			};
			name = Release;
		};
/* End XCBuildConfiguration section */

/* Begin XCConfigurationList section */
		4D77347E29042F68008BA1DA /* Build configuration list for PBXProject "WeatherApp" */ = {
			isa = XCConfigurationList;
			buildConfigurations = (
				4D77349529042F6A008BA1DA /* Debug */,
				4D77349629042F6A008BA1DA /* Release */,
			);
			defaultConfigurationIsVisible = 0;
			defaultConfigurationName = Release;
		};
		4D77349729042F6A008BA1DA /* Build configuration list for PBXNativeTarget "WeatherApp" */ = {
			isa = XCConfigurationList;
			buildConfigurations = (
				4D77349829042F6A008BA1DA /* Debug */,
				4D77349929042F6A008BA1DA /* Release */,
			);
			defaultConfigurationIsVisible = 0;
			defaultConfigurationName = Release;
		};
/* End XCConfigurationList section */
	};
	rootObject = 4D77347B29042F68008BA1DA /* Project object */;
}
